
Microsoft Visual Studio Solution File, Format Version 12.00
# Visual Studio Version 17
VisualStudioVersion = 17.7.34202.233
MinimumVisualStudioVersion = 10.0.40219.1
Project("{9A19103F-16F7-4668-BE54-9A1E7A4F7556}") = "e-AgendaMedica.Dominio", "e-AgendaMedica.Dominio\e-AgendaMedica.Dominio.csproj", "{7B7D9502-5145-4C90-AE74-3FC8E0DDCF01}"
EndProject
Project("{2150E333-8FDC-42A3-9474-1A3956D46DE8}") = "4 - Dominio", "4 - Dominio", "{BAC8EFB6-C695-48AF-8993-CC2DD81D600F}"
EndProject
Project("{2150E333-8FDC-42A3-9474-1A3956D46DE8}") = "1 - Apresentação", "1 - Apresentação", "{53A156E9-6880-4D9D-81F1-CF43FDE7CD66}"
EndProject
Project("{2150E333-8FDC-42A3-9474-1A3956D46DE8}") = "2 - Distribuição", "2 - Distribuição", "{99CA9C4D-A036-4671-AEBA-999835A4A24D}"
EndProject
Project("{2150E333-8FDC-42A3-9474-1A3956D46DE8}") = "3 - Aplicação", "3 - Aplicação", "{93628FF7-DA15-4872-ADA2-DDEBD4F32D0B}"
EndProject
Project("{2150E333-8FDC-42A3-9474-1A3956D46DE8}") = "5 - Infraestrutura", "5 - Infraestrutura", "{B2BF054C-896F-48B1-A09A-0F6ACC27E6DC}"
EndProject
Project("{2150E333-8FDC-42A3-9474-1A3956D46DE8}") = "6 - Testes", "6 - Testes", "{C3093808-9F41-41B9-B58A-8E32FEA11DD7}"
EndProject
Project("{9A19103F-16F7-4668-BE54-9A1E7A4F7556}") = "e-AgendaMedica.Infra.Orm", "e-AgendaMedica.Infra.Orm\e-AgendaMedica.Infra.Orm.csproj", "{1B253569-D807-4BD1-BD76-9F144D242FF3}"
EndProject
Project("{2150E333-8FDC-42A3-9474-1A3956D46DE8}") = "Banco de Dados", "Banco de Dados", "{49694549-EAD8-45D4-A8BC-7D97A8750C39}"
EndProject
Project("{9A19103F-16F7-4668-BE54-9A1E7A4F7556}") = "e-AgendaMedica.Aplicacao", "e-AgendaMedica.Aplicacao\e-AgendaMedica.Aplicacao.csproj", "{5F7C76E6-B4F8-4471-814F-4206D7AF9B8A}"
EndProject
Project("{9A19103F-16F7-4668-BE54-9A1E7A4F7556}") = "e-AgendaMedica.WebApi", "e-AgendaMedica.WebApi\e-AgendaMedica.WebApi.csproj", "{4E960598-63CA-4CDA-BC4F-4E33689BA5CA}"
EndProject
Project("{2150E333-8FDC-42A3-9474-1A3956D46DE8}") = "Massa de Dados", "Massa de Dados", "{922B58B1-44F8-47FC-AFA8-DAB867A59FCC}"
EndProject
Project("{FAE04EC0-301F-11D3-BF4B-00C04F79EFBC}") = "e-AgendaMedica.Infra.MassaDados", "e-AgendaMedica.Infra.MassaDados\e-AgendaMedica.Infra.MassaDados.csproj", "{8F278AD2-81FE-4C3A-BF56-5F5F466ECFFD}"
EndProject
Global
	GlobalSection(SolutionConfigurationPlatforms) = preSolution
		Debug|Any CPU = Debug|Any CPU
		Release|Any CPU = Release|Any CPU
	EndGlobalSection
	GlobalSection(ProjectConfigurationPlatforms) = postSolution
		{7B7D9502-5145-4C90-AE74-3FC8E0DDCF01}.Debug|Any CPU.ActiveCfg = Debug|Any CPU
		{7B7D9502-5145-4C90-AE74-3FC8E0DDCF01}.Debug|Any CPU.Build.0 = Debug|Any CPU
		{7B7D9502-5145-4C90-AE74-3FC8E0DDCF01}.Release|Any CPU.ActiveCfg = Release|Any CPU
		{7B7D9502-5145-4C90-AE74-3FC8E0DDCF01}.Release|Any CPU.Build.0 = Release|Any CPU
		{1B253569-D807-4BD1-BD76-9F144D242FF3}.Debug|Any CPU.ActiveCfg = Debug|Any CPU
		{1B253569-D807-4BD1-BD76-9F144D242FF3}.Debug|Any CPU.Build.0 = Debug|Any CPU
		{1B253569-D807-4BD1-BD76-9F144D242FF3}.Release|Any CPU.ActiveCfg = Release|Any CPU
		{1B253569-D807-4BD1-BD76-9F144D242FF3}.Release|Any CPU.Build.0 = Release|Any CPU
		{5F7C76E6-B4F8-4471-814F-4206D7AF9B8A}.Debug|Any CPU.ActiveCfg = Debug|Any CPU
		{5F7C76E6-B4F8-4471-814F-4206D7AF9B8A}.Debug|Any CPU.Build.0 = Debug|Any CPU
		{5F7C76E6-B4F8-4471-814F-4206D7AF9B8A}.Release|Any CPU.ActiveCfg = Release|Any CPU
		{5F7C76E6-B4F8-4471-814F-4206D7AF9B8A}.Release|Any CPU.Build.0 = Release|Any CPU
		{4E960598-63CA-4CDA-BC4F-4E33689BA5CA}.Debug|Any CPU.ActiveCfg = Debug|Any CPU
		{4E960598-63CA-4CDA-BC4F-4E33689BA5CA}.Debug|Any CPU.Build.0 = Debug|Any CPU
		{4E960598-63CA-4CDA-BC4F-4E33689BA5CA}.Release|Any CPU.ActiveCfg = Release|Any CPU
		{4E960598-63CA-4CDA-BC4F-4E33689BA5CA}.Release|Any CPU.Build.0 = Release|Any CPU
		{8F278AD2-81FE-4C3A-BF56-5F5F466ECFFD}.Debug|Any CPU.ActiveCfg = Debug|Any CPU
		{8F278AD2-81FE-4C3A-BF56-5F5F466ECFFD}.Debug|Any CPU.Build.0 = Debug|Any CPU
		{8F278AD2-81FE-4C3A-BF56-5F5F466ECFFD}.Release|Any CPU.ActiveCfg = Release|Any CPU
		{8F278AD2-81FE-4C3A-BF56-5F5F466ECFFD}.Release|Any CPU.Build.0 = Release|Any CPU
	EndGlobalSection
	GlobalSection(SolutionProperties) = preSolution
		HideSolutionNode = FALSE
	EndGlobalSection
	GlobalSection(NestedProjects) = preSolution
		{7B7D9502-5145-4C90-AE74-3FC8E0DDCF01} = {BAC8EFB6-C695-48AF-8993-CC2DD81D600F}
		{1B253569-D807-4BD1-BD76-9F144D242FF3} = {49694549-EAD8-45D4-A8BC-7D97A8750C39}
		{49694549-EAD8-45D4-A8BC-7D97A8750C39} = {B2BF054C-896F-48B1-A09A-0F6ACC27E6DC}
		{5F7C76E6-B4F8-4471-814F-4206D7AF9B8A} = {93628FF7-DA15-4872-ADA2-DDEBD4F32D0B}
		{4E960598-63CA-4CDA-BC4F-4E33689BA5CA} = {99CA9C4D-A036-4671-AEBA-999835A4A24D}
		{922B58B1-44F8-47FC-AFA8-DAB867A59FCC} = {B2BF054C-896F-48B1-A09A-0F6ACC27E6DC}
		{8F278AD2-81FE-4C3A-BF56-5F5F466ECFFD} = {922B58B1-44F8-47FC-AFA8-DAB867A59FCC}
	EndGlobalSection
	GlobalSection(ExtensibilityGlobals) = postSolution
		SolutionGuid = {A58E928A-DC76-428C-9AC0-6B006937D0FB}
	EndGlobalSection
EndGlobal
